
Microsoft Visual Studio Solution File, Format Version 12.00
# Visual Studio Version 17
VisualStudioVersion = 17.8.34330.188
MinimumVisualStudioVersion = 10.0.40219.1
Project("{9A19103F-16F7-4668-BE54-9A1E7A4F7556}") = "eShop.Data", "eShop.Data\eShop.Data.csproj", "{38FA3D4F-8626-48F9-88B5-07D9E4B7B4B8}"
EndProject
Project("{9A19103F-16F7-4668-BE54-9A1E7A4F7556}") = "eShop.Data.Shared", "eShop.Data.Shared\eShop.Data.Shared.csproj", "{2F996644-E8FF-45FB-873B-B9E3D13EFCE2}"
EndProject
Project("{9A19103F-16F7-4668-BE54-9A1E7A4F7556}") = "eShop.API.Category", "eShop.API.Category\eShop.API.Category.csproj", "{73C9FD2D-8793-4ED8-830B-7305F3D66A3F}"
EndProject
Project("{9A19103F-16F7-4668-BE54-9A1E7A4F7556}") = "eShop.API.Extensions", "eShop.API.Extensions\eShop.API.Extensions.csproj", "{ED252696-0A4F-4DEA-BCE2-9E906FB9DF5F}"
EndProject
Project("{9A19103F-16F7-4668-BE54-9A1E7A4F7556}") = "eShop.API.DTO", "eShop.API.DTO\eShop.API.DTO.csproj", "{8DB99474-E633-47E7-A6AA-D511378BD29D}"
EndProject
Project("{9A19103F-16F7-4668-BE54-9A1E7A4F7556}") = "eShop.UI", "eShop.UI\eShop.UI.csproj", "{0437575C-063C-4D92-991A-CF1E58170F15}"
EndProject
Project("{9A19103F-16F7-4668-BE54-9A1E7A4F7556}") = "eShop.UI.Models", "eShop.UI.Models\eShop.UI.Models.csproj", "{4F280DB8-7172-4A4F-9DC7-2263EB3D81D9}"
EndProject
Project("{FAE04EC0-301F-11D3-BF4B-00C04F79EFBC}") = "eShop.UI.Http", "eShop.UI.Http\eShop.UI.Http.csproj", "{BB77E5B0-F6A0-4E33-A04E-D9E35D7C983F}"
EndProject
Global
	GlobalSection(SolutionConfigurationPlatforms) = preSolution
		Debug|Any CPU = Debug|Any CPU
		Release|Any CPU = Release|Any CPU
	EndGlobalSection
	GlobalSection(ProjectConfigurationPlatforms) = postSolution
		{38FA3D4F-8626-48F9-88B5-07D9E4B7B4B8}.Debug|Any CPU.ActiveCfg = Debug|Any CPU
		{38FA3D4F-8626-48F9-88B5-07D9E4B7B4B8}.Debug|Any CPU.Build.0 = Debug|Any CPU
		{38FA3D4F-8626-48F9-88B5-07D9E4B7B4B8}.Release|Any CPU.ActiveCfg = Release|Any CPU
		{38FA3D4F-8626-48F9-88B5-07D9E4B7B4B8}.Release|Any CPU.Build.0 = Release|Any CPU
		{2F996644-E8FF-45FB-873B-B9E3D13EFCE2}.Debug|Any CPU.ActiveCfg = Debug|Any CPU
		{2F996644-E8FF-45FB-873B-B9E3D13EFCE2}.Debug|Any CPU.Build.0 = Debug|Any CPU
		{2F996644-E8FF-45FB-873B-B9E3D13EFCE2}.Release|Any CPU.ActiveCfg = Release|Any CPU
		{2F996644-E8FF-45FB-873B-B9E3D13EFCE2}.Release|Any CPU.Build.0 = Release|Any CPU
		{73C9FD2D-8793-4ED8-830B-7305F3D66A3F}.Debug|Any CPU.ActiveCfg = Debug|Any CPU
		{73C9FD2D-8793-4ED8-830B-7305F3D66A3F}.Debug|Any CPU.Build.0 = Debug|Any CPU
		{73C9FD2D-8793-4ED8-830B-7305F3D66A3F}.Release|Any CPU.ActiveCfg = Release|Any CPU
		{73C9FD2D-8793-4ED8-830B-7305F3D66A3F}.Release|Any CPU.Build.0 = Release|Any CPU
		{ED252696-0A4F-4DEA-BCE2-9E906FB9DF5F}.Debug|Any CPU.ActiveCfg = Debug|Any CPU
		{ED252696-0A4F-4DEA-BCE2-9E906FB9DF5F}.Debug|Any CPU.Build.0 = Debug|Any CPU
		{ED252696-0A4F-4DEA-BCE2-9E906FB9DF5F}.Release|Any CPU.ActiveCfg = Release|Any CPU
		{ED252696-0A4F-4DEA-BCE2-9E906FB9DF5F}.Release|Any CPU.Build.0 = Release|Any CPU
		{8DB99474-E633-47E7-A6AA-D511378BD29D}.Debug|Any CPU.ActiveCfg = Debug|Any CPU
		{8DB99474-E633-47E7-A6AA-D511378BD29D}.Debug|Any CPU.Build.0 = Debug|Any CPU
		{8DB99474-E633-47E7-A6AA-D511378BD29D}.Release|Any CPU.ActiveCfg = Release|Any CPU
		{8DB99474-E633-47E7-A6AA-D511378BD29D}.Release|Any CPU.Build.0 = Release|Any CPU
		{0437575C-063C-4D92-991A-CF1E58170F15}.Debug|Any CPU.ActiveCfg = Debug|Any CPU
		{0437575C-063C-4D92-991A-CF1E58170F15}.Debug|Any CPU.Build.0 = Debug|Any CPU
		{0437575C-063C-4D92-991A-CF1E58170F15}.Release|Any CPU.ActiveCfg = Release|Any CPU
		{0437575C-063C-4D92-991A-CF1E58170F15}.Release|Any CPU.Build.0 = Release|Any CPU
		{4F280DB8-7172-4A4F-9DC7-2263EB3D81D9}.Debug|Any CPU.ActiveCfg = Debug|Any CPU
		{4F280DB8-7172-4A4F-9DC7-2263EB3D81D9}.Debug|Any CPU.Build.0 = Debug|Any CPU
		{4F280DB8-7172-4A4F-9DC7-2263EB3D81D9}.Release|Any CPU.ActiveCfg = Release|Any CPU
		{4F280DB8-7172-4A4F-9DC7-2263EB3D81D9}.Release|Any CPU.Build.0 = Release|Any CPU
		{BB77E5B0-F6A0-4E33-A04E-D9E35D7C983F}.Debug|Any CPU.ActiveCfg = Debug|Any CPU
		{BB77E5B0-F6A0-4E33-A04E-D9E35D7C983F}.Debug|Any CPU.Build.0 = Debug|Any CPU
		{BB77E5B0-F6A0-4E33-A04E-D9E35D7C983F}.Release|Any CPU.ActiveCfg = Release|Any CPU
		{BB77E5B0-F6A0-4E33-A04E-D9E35D7C983F}.Release|Any CPU.Build.0 = Release|Any CPU
	EndGlobalSection
	GlobalSection(SolutionProperties) = preSolution
		HideSolutionNode = FALSE
	EndGlobalSection
	GlobalSection(ExtensibilityGlobals) = postSolution
		SolutionGuid = {A8E7E398-8985-4BAD-A836-7D212047A77C}
	EndGlobalSection
EndGlobal
